
Microsoft Visual Studio Solution File, Format Version 12.00
# Visual Studio Version 16
VisualStudioVersion = 16.0.30011.22
MinimumVisualStudioVersion = 10.0.40219.1
Project("{9A19103F-16F7-4668-BE54-9A1E7A4F7556}") = "Balance", "Balance\Balance.csproj", "{48F0C3CF-8C1A-443B-B47C-00EEF1BB7799}"
EndProject
Project("{9A19103F-16F7-4668-BE54-9A1E7A4F7556}") = "Lab7", "Lab7\Lab7.csproj", "{33E2D5E4-576F-4AB9-BE8A-CE323AC6A6B8}"
EndProject
Project("{9A19103F-16F7-4668-BE54-9A1E7A4F7556}") = "Tests", "Tests\Tests.csproj", "{7730F99E-C63C-4AC1-89BD-DC792AB382C2}"
EndProject
Global
	GlobalSection(SolutionConfigurationPlatforms) = preSolution
		Debug|Any CPU = Debug|Any CPU
		Release|Any CPU = Release|Any CPU
	EndGlobalSection
	GlobalSection(ProjectConfigurationPlatforms) = postSolution
		{48F0C3CF-8C1A-443B-B47C-00EEF1BB7799}.Debug|Any CPU.ActiveCfg = Debug|Any CPU
		{48F0C3CF-8C1A-443B-B47C-00EEF1BB7799}.Debug|Any CPU.Build.0 = Debug|Any CPU
		{48F0C3CF-8C1A-443B-B47C-00EEF1BB7799}.Release|Any CPU.ActiveCfg = Release|Any CPU
		{48F0C3CF-8C1A-443B-B47C-00EEF1BB7799}.Release|Any CPU.Build.0 = Release|Any CPU
		{33E2D5E4-576F-4AB9-BE8A-CE323AC6A6B8}.Debug|Any CPU.ActiveCfg = Debug|Any CPU
		{33E2D5E4-576F-4AB9-BE8A-CE323AC6A6B8}.Debug|Any CPU.Build.0 = Debug|Any CPU
		{33E2D5E4-576F-4AB9-BE8A-CE323AC6A6B8}.Release|Any CPU.ActiveCfg = Release|Any CPU
		{33E2D5E4-576F-4AB9-BE8A-CE323AC6A6B8}.Release|Any CPU.Build.0 = Release|Any CPU
		{7730F99E-C63C-4AC1-89BD-DC792AB382C2}.Debug|Any CPU.ActiveCfg = Debug|Any CPU
		{7730F99E-C63C-4AC1-89BD-DC792AB382C2}.Debug|Any CPU.Build.0 = Debug|Any CPU
		{7730F99E-C63C-4AC1-89BD-DC792AB382C2}.Release|Any CPU.ActiveCfg = Release|Any CPU
		{7730F99E-C63C-4AC1-89BD-DC792AB382C2}.Release|Any CPU.Build.0 = Release|Any CPU
	EndGlobalSection
	GlobalSection(SolutionProperties) = preSolution
		HideSolutionNode = FALSE
	EndGlobalSection
	GlobalSection(ExtensibilityGlobals) = postSolution
		SolutionGuid = {B7BAF829-6CD6-4395-9532-CC899DA53778}
	EndGlobalSection
EndGlobal
